version = 1
revision = 3
requires-python = ">=3.11"

[[package]]
name = "acm2"
version = "2.0.0a0"
source = { editable = "." }
dependencies = [
    { name = "polars" },
    { name = "pyarrow" },
    { name = "tzdata", marker = "sys_platform == 'win32'" },
]

[package.dev-dependencies]
dev = [
    { name = "hypothesis" },
    { name = "pytest" },
]

[package.metadata]
requires-dist = [
    { name = "polars", specifier = ">=1.0" },
    { name = "pyarrow", specifier = ">=15.0" },
    { name = "tzdata", marker = "sys_platform == 'win32'", specifier = ">=2024.1" },
]

[package.metadata.requires-dev]
dev = [
    { name = "hypothesis", specifier = ">=6.100" },
    { name = "pytest", specifier = ">=8.0" },
]

[[package]]
name = "colorama"
version = "0.4.6"
source = { registry = "https://pypi.org/simple" }
sdist = { url = "https://files.pythonhosted.org/packages/d8/53/6f443c9a4a8358a93a6792e2acffb9d9d5cb0a5cfd8802644b7b1c9a02e4/colorama-0.4.6.tar.gz", hash = "sha256:08695f5cb7ed6e0531a20572697297273c47b8cae5a63ffc6d6ed5c201be6e44", size = 27697, upload-time = "2022-10-25T02:36:22.414Z" }
wheels = [
    { url = "https://files.pythonhosted.org/packages/d1/d6/3965ed04c63042e047cb6a3e6ed1a63a35087b6a609aa3a15ed8ac56c221/colorama-0.4.6-py2.py3-none-any.whl", hash = "sha256:4f1d9991f5acc0ca119f9d443620b77f9d6b33703e51011c16baf57afb285fc6", size = 25335, upload-time = "2022-10-25T02:36:20.889Z" },
]

[[package]]
name = "hypothesis"
version = "6.156.1"
source = { registry = "https://pypi.org/simple" }
dependencies = [
    { name = "sortedcontainers" },
]
wheels = [
    { url = "https://files.pythonhosted.org/packages/29/0f/102b24707a8e383e659a6b087d7d1369fe3b4bdce9c669b01010c075b835/hypothesis-6.156.1-cp311-cp311-macosx_10_12_x86_64.whl", hash = "sha256:8063082444d4b75b437c8234cd5f5bcd26a25cb9a5db9d19c93dd9bc0b2094a0", size = 749167, upload-time = "2026-07-03T14:31:22.853Z" },
    { url = "https://files.pythonhosted.org/packages/6d/5e/7ce63a67026ff547ac99710723b41447fa83f26ec010c018faee6ff36199/hypothesis-6.156.1-cp311-cp311-macosx_11_0_arm64.whl", hash = "sha256:a712d98f79b8ef14247ff336c4ce1f81d3958bb80b9f0b5cf61c7afc356d2cb3", size = 743704, upload-time = "2026-07-03T14:30:39.2Z" },
    { url = "https://files.pythonhosted.org/packages/44/01/04757dea40ea3e3a9da566044bdd176e873149cdfc3903ac18aa3786db86/hypothesis-6.156.1-cp311-cp311-manylinux_2_17_aarch64.manylinux2014_aarch64.whl", hash = "sha256:ea85fd8ca7be7acbba36c63de7a1450e8e267a29ed3a117a037e638be244c5b6", size = 1070931, upload-time = "2026-07-03T14:31:15.454Z" },
    { url = "https://files.pythonhosted.org/packages/3a/bf/373cb4e14cc5014b33bf2e26720f983cd93da98964397ca92dc7ef07250f/hypothesis-6.156.1-cp311-cp311-manylinux_2_17_x86_64.manylinux2014_x86_64.whl", hash = "sha256:7da5067440cdc83e042ee8d60c3b0b76201dace66dd385f9d4057bdeda8c4f15", size = 1120661, upload-time = "2026-07-03T14:31:02.722Z" },
    { url = "https://files.pythonhosted.org/packages/28/e8/fd9dbacec4532a9c6815d8babeb36e4828673904a0ebc71fc6bb3915e34a/hypothesis-6.156.1-cp311-cp311-musllinux_1_2_aarch64.whl", hash = "sha256:92f70ba9a29970315916f42cea4f708f5f3019665b7f18034acf2d07d1a82476", size = 1245245, upload-time = "2026-07-03T14:31:07.941Z" },
    { url = "https://files.pythonhosted.org/packages/42/ee/1e372225c844dce2a95c4dc1bf4d41813c14ee7856b0653db168e5714e79/hypothesis-6.156.1-cp311-cp311-musllinux_1_2_x86_64.whl", hash = "sha256:49bbeaa5efb1abb596f9e4d3a733be400a8e485db53134ef7cd78b4a3f3c3be7", size = 1287877, upload-time = "2026-07-03T14:30:51.403Z" },
    { url = "https://files.pythonhosted.org/packages/84/bd/1e4ae081682a95c141dde10b708711000cf41a8337504c70537a73c66df2/hypothesis-6.156.1-cp311-cp311-win_amd64.whl", hash = "sha256:b386bb3f149ec238dbc4cbfa8ddbae858ad16f489da62db9e3326c9591efb2d6", size = 640180, upload-time = "2026-07-03T14:30:46.336Z" },
    { url = "https://files.pythonhosted.org/packages/d0/3d/1a0e54652f1b3cad354949ba83f6ab211048ff3a6cfb24edcddc748a8be1/hypothesis-6.156.1-cp312-cp312-macosx_10_12_x86_64.whl", hash = "sha256:0409dea0c0b48705cad8413468282af9c5e7d3a017b6c2b94ef80e7ba4b64862", size = 749005, upload-time = "2026-07-03T14:30:26.045Z" },
    { url = "https://files.pythonhosted.org/packages/a0/e5/c8b6084023faabef7612ea0169fd4df565fdc5fd73f47484e5edf03640fb/hypothesis-6.156.1-cp312-cp312-macosx_11_0_arm64.whl", hash = "sha256:72b9305414c20802540ec0cd798478c9e06c8a248ce32d7df04722b64d7150ad", size = 741899, upload-time = "2026-07-03T14:30:34.442Z" },
    { url = "https://files.pythonhosted.org/packages/48/ac/51644c53ae055a3a3411906cc8e41e5dd53af487ca76465342256e4f18c1/hypothesis-6.156.1-cp312-cp312-manylinux_2_17_aarch64.manylinux2014_aarch64.whl", hash = "sha256:40584eed6a57c402d8ab32ea5c1779bae6f7390ff33d073c876e09dc8af31941", size = 1069788, upload-time = "2026-07-03T14:31:24.552Z" },
    { url = "https://files.pythonhosted.org/packages/cc/43/d2ec198fa56f72f8690563247e5e71a81cf5f1c9c42e977008b76338803f/hypothesis-6.156.1-cp312-cp312-manylinux_2_17_x86_64.manylinux2014_x86_64.whl", hash = "sha256:76f2aaa6725185f16a8fa7b58e0ba5d5119cafa33eae5e5dec996d6a28cd9dc6", size = 1119541, upload-time = "2026-07-03T14:30:15.15Z" },
    { url = "https://files.pythonhosted.org/packages/d1/a0/ba8a1bf72988e7b8b743b4f4f30705fe1c2128780a7d93b203cdeb6bae79/hypothesis-6.156.1-cp312-cp312-musllinux_1_2_aarch64.whl", hash = "sha256:bac95ae29f7850a923f43bc7e21bbc7ee8b8094bbf07691be4f153e537b5d3db", size = 1243864, upload-time = "2026-07-03T14:30:47.869Z" },
    { url = "https://files.pythonhosted.org/packages/74/a3/f30ebb96f099f19e71361aefb233542f3763a0fb7c0ba3c84513c353b065/hypothesis-6.156.1-cp312-cp312-musllinux_1_2_x86_64.whl", hash = "sha256:8159b5e93a7724920cf55dd4ec743a84fc9c3c457a6736a92283aa4068f54daa", size = 1286401, upload-time = "2026-07-03T14:30:07.762Z" },
    { url = "https://files.pythonhosted.org/packages/ab/a9/19b36a5deb78217f4f6214c7be36a14cf2da8b29392199bcd18a0628b9b8/hypothesis-6.156.1-cp312-cp312-win_amd64.whl", hash = "sha256:d8e7deed3bc76c8c12c30e092e228a6978180f2bcab9483f5fb22240cd8eaa7d", size = 637634, upload-time = "2026-07-03T14:30:40.794Z" },
    { url = "https://files.pythonhosted.org/packages/d5/f7/6f0e4186a6575abddb19047e69cb0042252be27d0be0ddc3528bf3a81edd/hypothesis-6.156.1-cp313-cp313-macosx_10_12_x86_64.whl", hash = "sha256:da65e6be5461cac9d9d7f98f43d24afb5441932502e4d1b240738aaef84e95d9", size = 749428, upload-time = "2026-07-03T14:31:04.364Z" },
    { url = "https://files.pythonhosted.org/packages/a2/0c/d45d778b14f22270ac1218faf4ec7de2e9e30d3e40fd91ad86d6b6b5259e/hypothesis-6.156.1-cp313-cp313-macosx_11_0_arm64.whl", hash = "sha256:612277e6344defe39012812d5ae620d6323e11fa62c424d64633dfa09caaa387", size = 742070, upload-time = "2026-07-03T14:30:09.175Z" },
    { url = "https://files.pythonhosted.org/packages/e5/8a/9c6863eae555c674e3ab2b7ac738f50350d176f88e7a5ac4fe85340b126f/hypothesis-6.156.1-cp313-cp313-manylinux_2_17_aarch64.manylinux2014_aarch64.whl", hash = "sha256:3a593ad462c61f252d661ccc3a1093406cf9ca5a26a6b30cefd8911075d508c8", size = 1069945, upload-time = "2026-07-03T14:30:27.45Z" },
    { url = "https://files.pythonhosted.org/packages/eb/98/44d9ee83542e5cb50c07387091bd2dcfb2d0f9d7eaadd78357ae0962e76d/hypothesis-6.156.1-cp313-cp313-manylinux_2_17_x86_64.manylinux2014_x86_64.whl", hash = "sha256:4a48cdb91afa09958926a364d241d00b08ece1d105bcd48e0b433428c7b4c29b", size = 1119946, upload-time = "2026-07-03T14:30:58.939Z" },
    { url = "https://files.pythonhosted.org/packages/09/00/03957d11e4602e60982b535bf107a1995e712e797e32ca5cc9fe53daa11c/hypothesis-6.156.1-cp313-cp313-musllinux_1_2_aarch64.whl", hash = "sha256:72d4115ed2c4da2cc30189026eacd27c81e0891ec4ba9fff6719e0f47874d65c", size = 1244030, upload-time = "2026-07-03T14:30:53.641Z" },
    { url = "https://files.pythonhosted.org/packages/14/e3/149c3b9de0f9125becdf266af9eba6934885818867c93a457af60d4a3725/hypothesis-6.156.1-cp313-cp313-musllinux_1_2_x86_64.whl", hash = "sha256:f1e1fecee9c79956ac5e7c38cb1d1374bf22fd4066ff6a9664d45d13a09251b1", size = 1286679, upload-time = "2026-07-03T14:30:57.516Z" },
    { url = "https://files.pythonhosted.org/packages/3f/1c/f1a35abd3e5ef45badc3d8a128bb133725f6a93c9aa4eadc27db9d6c54c3/hypothesis-6.156.1-cp313-cp313-win_amd64.whl", hash = "sha256:32f512f6028ab2d4c56208b2edebefe384ab78a5880b098b039c65e9d08b62f7", size = 637909, upload-time = "2026-07-03T14:30:04.12Z" },
    { url = "https://files.pythonhosted.org/packages/c7/60/f81bc004dafc83f4fd3aee41c65ec6140481a4666495229c0102c636e74b/hypothesis-6.156.1-cp314-cp314-macosx_10_12_x86_64.whl", hash = "sha256:3340f22fd71e615f9bca4499bddd7cc4e0987b08a8b4fc38f688aaac416c2aaf", size = 749464, upload-time = "2026-07-03T14:31:17.171Z" },
    { url = "https://files.pythonhosted.org/packages/74/5d/f884c2e908f5a888b22a6606368130fdf822565430e9eefcde5e765640dd/hypothesis-6.156.1-cp314-cp314-macosx_11_0_arm64.whl", hash = "sha256:19612761d128cd15d41e414389da6b65c1883db1f358025a4c1b2df96ba2dfb0", size = 742283, upload-time = "2026-07-03T14:31:06.23Z" },
    { url = "https://files.pythonhosted.org/packages/b2/2e/8843ca9d7103692c06b912aaa06cc664d3cb3c764a44fb2feeb702b3b704/hypothesis-6.156.1-cp314-cp314-manylinux_2_17_aarch64.manylinux2014_aarch64.whl", hash = "sha256:c86c00cefcf58793aebb24238247398ad5d9ce281615329293d926d794e6fe5f", size = 1070136, upload-time = "2026-07-03T14:30:19.907Z" },
    { url = "https://files.pythonhosted.org/packages/62/62/7a1b308b3977e3d3c1920828c5fc5a440caf8036b0d9df2e9ab7722682f8/hypothesis-6.156.1-cp314-cp314-manylinux_2_17_x86_64.manylinux2014_x86_64.whl", hash = "sha256:047a0a6613ff06f191d9b1c7623a9b781baddc0fdebad531157d1417fa876627", size = 1120112, upload-time = "2026-07-03T14:31:13.563Z" },
    { url = "https://files.pythonhosted.org/packages/cd/13/7c691582cd5b0de6314fd712ce5e69960985a89e4f619b0c4b36c8845ce2/hypothesis-6.156.1-cp314-cp314-musllinux_1_2_aarch64.whl", hash = "sha256:9ace8e1e885b20ae129c68ff14e86edd55771a30559561b261a15bd8c17edd36", size = 1244289, upload-time = "2026-07-03T14:31:19.175Z" },
    { url = "https://files.pythonhosted.org/packages/d0/ac/d15a7a9820ca05ef7a4e8d9dc95e9a0a70cd91fb8d021913888c69801c60/hypothesis-6.156.1-cp314-cp314-musllinux_1_2_x86_64.whl", hash = "sha256:eb093affaa2257f9fd2d6542b5e242f5b9512bc1009a4f563ade91e30c298e0c", size = 1287201, upload-time = "2026-07-03T14:30:13.526Z" },
    { url = "https://files.pythonhosted.org/packages/1b/ca/dcd80b4606d97b5dba2775526aa89a7735086559c5a80eaf5bf60610bc10/hypothesis-6.156.1-cp314-cp314-pyemscripten_2026_0_wasm32.whl", hash = "sha256:209b76dab690e2182599a83c079475115d69dd2c16aed38a57bb9db376ba4195", size = 586417, upload-time = "2026-07-03T14:30:42.657Z" },
    { url = "https://files.pythonhosted.org/packages/bd/b3/555c291b24b9b1f2e6a712d485ad8c52bbe3e31e79a8a509adc5213e42aa/hypothesis-6.156.1-cp314-cp314-win_amd64.whl", hash = "sha256:1ea0711ac7792e3ade5dfe8a6a762eec64ddb79cd00fe63ff34f17fde0ce8109", size = 637729, upload-time = "2026-07-03T14:31:20.948Z" },
    { url = "https://files.pythonhosted.org/packages/1b/a4/25f26e0ed769c127b049b4fb8c9378e74d07a37a44c5938e4f6518710ef6/hypothesis-6.156.1-cp314-cp314t-macosx_10_12_x86_64.whl", hash = "sha256:9b664a859ed5567bd2c0d804da4d96035e14caa15d91062cc50fcd758dc44111", size = 747497, upload-time = "2026-07-03T14:30:21.338Z" },
    { url = "https://files.pythonhosted.org/packages/62/11/25f20b1cdbd8fc73fd8c0603aa4e817da7384400347f6d63ef569c56111e/hypothesis-6.156.1-cp314-cp314t-macosx_11_0_arm64.whl", hash = "sha256:23acc5f333ce6bd2d888e7c6a33779b5c6cff42dac654f3209e9fa552103c3ba", size = 740841, upload-time = "2026-07-03T14:30:37.706Z" },
    { url = "https://files.pythonhosted.org/packages/43/aa/9967dd9380d72d44a7973f7893383145f04277896554ebb2872ae9658de6/hypothesis-6.156.1-cp314-cp314t-manylinux_2_17_aarch64.manylinux2014_aarch64.whl", hash = "sha256:15762876a64c66bd6ed18eb95fd8018df93b6961eb0b6c25e63409af9cb672c0", size = 1069108, upload-time = "2026-07-03T14:30:06.363Z" },
    { url = "https://files.pythonhosted.org/packages/60/6e/27999d70710a1d0d9440c1db59db385c63ed2dccca6ade5fe53258e9566f/hypothesis-6.156.1-cp314-cp314t-manylinux_2_17_x86_64.manylinux2014_x86_64.whl", hash = "sha256:4bab29b39b13603583c9874c38907071f333e7af0c48686af8c8f97f7a6a2398", size = 1119177, upload-time = "2026-07-03T14:31:09.67Z" },
    { url = "https://files.pythonhosted.org/packages/39/45/fbaaae29a5650da6322737eeb085c78a4eb9066f815862c24c63a25dd5eb/hypothesis-6.156.1-cp314-cp314t-musllinux_1_2_aarch64.whl", hash = "sha256:3c8831d5748394cab5ab81b3d469bcc543e7b8e1fc8422ed26a80e16b1e51c1b", size = 1243078, upload-time = "2026-07-03T14:30:10.678Z" },
    { url = "https://files.pythonhosted.org/packages/53/9d/2db20037da6b206701ec22d6bb67d4393e4807281885663979fe7a5ff869/hypothesis-6.156.1-cp314-cp314t-musllinux_1_2_x86_64.whl", hash = "sha256:18ef80bdd7422e7823d8da99240c8804708bd44eeeed370fc8a71db56670e1dc", size = 1285519, upload-time = "2026-07-03T14:30:36.172Z" },
    { url = "https://files.pythonhosted.org/packages/d2/de/4fbc6afc03cb7098f51bea5be6300c7e13fc679c3c2d12cd40629a27278d/hypothesis-6.156.1-cp314-cp314t-win_amd64.whl", hash = "sha256:122963f511d31fb96254a5b3f0b8e3b9c3b9d2b05e10d9e67eca43e573d52d0f", size = 637822, upload-time = "2026-07-03T14:30:31.248Z" },
    { url = "https://files.pythonhosted.org/packages/03/4f/7538f785ee0ae5a7e2c959e875b3e48210698d91cc99b5802471d87500bb/hypothesis-6.156.1-pp311-pypy311_pp73-macosx_10_12_x86_64.whl", hash = "sha256:9d2c65a1294a1e58646f5437cf7924e08ccadf52689e66968960f86d684ecb31", size = 749719, upload-time = "2026-07-03T14:30:24.399Z" },
    { url = "https://files.pythonhosted.org/packages/e4/12/af4c5f049c5b3038dcd4f0f488d6b85d09a9a466c03951efbe39af2f9e9e/hypothesis-6.156.1-pp311-pypy311_pp73-macosx_11_0_arm64.whl", hash = "sha256:4113a2c5044f79ac961b92e5cbbf4ac6f48ae30a4fd0c8e434fd4b6110041ba9", size = 744324, upload-time = "2026-07-03T14:30:23.018Z" },
    { url = "https://files.pythonhosted.org/packages/6c/3b/7734d825fda8fb24b94f10c9b00a8851aa86a387d83490a14d3a3ad5e2a1/hypothesis-6.156.1-pp311-pypy311_pp73-manylinux_2_17_aarch64.manylinux2014_aarch64.whl", hash = "sha256:953553556920478bad3ed8148ae83a383528ada6b6d5b18d25e20baad45980d3", size = 1071349, upload-time = "2026-07-03T14:30:44.195Z" },
    { url = "https://files.pythonhosted.org/packages/6b/c2/9cd29826a58e88589f2e0603c7f1d4f9251fa4bce6ec3c0ca8d87842f41e/hypothesis-6.156.1-pp311-pypy311_pp73-manylinux_2_17_x86_64.manylinux2014_x86_64.whl", hash = "sha256:2edd308e6907cb31854f8c0879235572c8e9d580bc31291bb1f6246d4242b56b", size = 1121411, upload-time = "2026-07-03T14:30:18.461Z" },
    { url = "https://files.pythonhosted.org/packages/eb/97/9cadecbfab29d294860b2c892e6c87437ed89611762531addaabae562a07/hypothesis-6.156.1-pp311-pypy311_pp73-win_amd64.whl", hash = "sha256:71a8449f5da886aea7eae097aa8c97fceb5e9e28fb2b268e46e3cbae2ce3cda9", size = 640781, upload-time = "2026-07-03T14:30:33.003Z" },
]

[[package]]
name = "iniconfig"
version = "2.3.0"
source = { registry = "https://pypi.org/simple" }
sdist = { url = "https://files.pythonhosted.org/packages/72/34/14ca021ce8e5dfedc35312d08ba8bf51fdd999c576889fc2c24cb97f4f10/iniconfig-2.3.0.tar.gz", hash = "sha256:c76315c77db068650d49c5b56314774a7804df16fee4402c1f19d6d15d8c4730", size = 20503, upload-time = "2025-10-18T21:55:43.219Z" }
wheels = [
    { url = "https://files.pythonhosted.org/packages/cb/b1/3846dd7f199d53cb17f49cba7e651e9ce294d8497c8c150530ed11865bb8/iniconfig-2.3.0-py3-none-any.whl", hash = "sha256:f631c04d2c48c52b84d0d0549c99ff3859c98df65b3101406327ecc7d53fbf12", size = 7484, upload-time = "2025-10-18T21:55:41.639Z" },
]

[[package]]
name = "packaging"
version = "26.2"
source = { registry = "https://pypi.org/simple" }
sdist = { url = "https://files.pythonhosted.org/packages/d7/f1/e7a6dd94a8d4a5626c03e4e99c87f241ba9e350cd9e6d75123f992427270/packaging-26.2.tar.gz", hash = "sha256:ff452ff5a3e828ce110190feff1178bb1f2ea2281fa2075aadb987c2fb221661", size = 228134, upload-time = "2026-04-24T20:15:23.917Z" }
wheels = [
    { url = "https://files.pythonhosted.org/packages/df/b2/87e62e8c3e2f4b32e5fe99e0b86d576da1312593b39f47d8ceef365e95ed/packaging-26.2-py3-none-any.whl", hash = "sha256:5fc45236b9446107ff2415ce77c807cee2862cb6fac22b8a73826d0693b0980e", size = 100195, upload-time = "2026-04-24T20:15:22.081Z" },
]

[[package]]
name = "pluggy"
version = "1.6.0"
source = { registry = "https://pypi.org/simple" }
sdist = { url = "https://files.pythonhosted.org/packages/f9/e2/3e91f31a7d2b083fe6ef3fa267035b518369d9511ffab804f839851d2779/pluggy-1.6.0.tar.gz", hash = "sha256:7dcc130b76258d33b90f61b658791dede3486c3e6bfb003ee5c9bfb396dd22f3", size = 69412, upload-time = "2025-05-15T12:30:07.975Z" }
wheels = [
    { url = "https://files.pythonhosted.org/packages/54/20/4d324d65cc6d9205fabedc306948156824eb9f0ee1633355a8f7ec5c66bf/pluggy-1.6.0-py3-none-any.whl", hash = "sha256:e920276dd6813095e9377c0bc5566d94c932c33b27a3e3945d8389c374dd4746", size = 20538, upload-time = "2025-05-15T12:30:06.134Z" },
]

[[package]]
name = "polars"
version = "1.42.1"
source = { registry = "https://pypi.org/simple" }
dependencies = [
    { name = "polars-runtime-32" },
]
sdist = { url = "https://files.pythonhosted.org/packages/27/99/fe77f10a13a778705ef05b499fc708c9a0b0a3680d9eb6bc6e1b6a6b9914/polars-1.42.1.tar.gz", hash = "sha256:2fe94f3059334650bd850ae19a9c165dcd5d9cb12cd95ea04de2201662e70e8a", size = 741532, upload-time = "2026-06-30T04:57:51.504Z" }
wheels = [
    { url = "https://files.pythonhosted.org/packages/be/6a/edd939cc6fa04b6415aaa9bf19720fc74ead81234b3d38542e0005816d4d/polars-1.42.1-py3-none-any.whl", hash = "sha256:3c0c65cdfa21a621650c4bdcbbccf93964d052fd766c3e70e84a55d961c259fd", size = 837622, upload-time = "2026-06-30T04:56:34.686Z" },
]

[[package]]
name = "polars-runtime-32"
version = "1.42.1"
source = { registry = "https://pypi.org/simple" }
sdist = { url = "https://files.pythonhosted.org/packages/1f/59/15bcc4dac380c6d63efa5446d8317f22671cbd6c9dadd576bd17a334c45a/polars_runtime_32-1.42.1.tar.gz", hash = "sha256:4d4809e1c1b9a6611f6944f27b24abea902b5159e6b6fa262fd716e947af5afd", size = 3045460, upload-time = "2026-06-30T04:57:52.866Z" }
wheels = [
    { url = "https://files.pythonhosted.org/packages/62/29/16ff6e4e91d71e530d3581f45e342a9cc35072ac6b31dcbc2fa33de2569e/polars_runtime_32-1.42.1-cp310-abi3-macosx_10_12_x86_64.whl", hash = "sha256:bbdc26d68ee5b23b0ce227fa0599220aa35b77c826b6b0a6b2d8e7f6c1c36974", size = 53117325, upload-time = "2026-06-30T04:56:37.972Z" },
    { url = "https://files.pythonhosted.org/packages/04/8e/4f8296fcfd1347f1351342fecf13bf2430d7efbae2f1f45964ec7930a99e/polars_runtime_32-1.42.1-cp310-abi3-macosx_11_0_arm64.whl", hash = "sha256:f6c0288be940b607dc4a7476c01e67fb6bbee93f5f1dd42c64970274c71008ba", size = 47446251, upload-time = "2026-06-30T04:56:41.459Z" },
    { url = "https://files.pythonhosted.org/packages/88/2e/0d66a7deadc453b890c3391034ca8ab4b05d0beaebbb92a7d65199fba61b/polars_runtime_32-1.42.1-cp310-abi3-manylinux_2_17_aarch64.manylinux2014_aarch64.whl", hash = "sha256:635d9dbcae2302ae223afb395d5cd220bffa61a53d0ab6871d17c8bc830101cf", size = 51359402, upload-time = "2026-06-30T04:56:44.595Z" },
    { url = "https://files.pythonhosted.org/packages/5d/10/ffb85fa380bc9c9000dc35f40f44954dde49023018501c54faab94b3a39e/polars_runtime_32-1.42.1-cp310-abi3-manylinux_2_17_x86_64.manylinux2014_x86_64.whl", hash = "sha256:d059e8e53cc114ff82f9bd791fd341dc53534a2c745e6f6aa37594c3a93f01fe", size = 57302723, upload-time = "2026-06-30T04:56:47.609Z" },
    { url = "https://files.pythonhosted.org/packages/c2/63/ca50adc62e44224ca5c622a842ba6f35ee87d1d40ef0df7ea2ed6c6edb08/polars_runtime_32-1.42.1-cp310-abi3-musllinux_1_2_aarch64.whl", hash = "sha256:f91f0b13588324905682809d270e1de5f1990c908721c8527657d77a044c9919", size = 51515673, upload-time = "2026-06-30T04:56:50.88Z" },
    { url = "https://files.pythonhosted.org/packages/63/c3/08fbbf38deaa17bf34a601d327cb7451074098673c78b7c1a8538dde9794/polars_runtime_32-1.42.1-cp310-abi3-musllinux_1_2_x86_64.whl", hash = "sha256:8b8bf972d99d48aaaa2582e2bce966a6f43bc815bd8725d15f5cab9e2fb15d17", size = 55217259, upload-time = "2026-06-30T04:56:53.834Z" },
    { url = "https://files.pythonhosted.org/packages/d1/0e/51db89361668fe077a835fc579277f824ba526e7daf7b94d23d25439e0d0/polars_runtime_32-1.42.1-cp310-abi3-win_amd64.whl", hash = "sha256:e9364c26da389a8b7339e4d29e20a3d12af730247e6ed3b7804bddce2477f428", size = 52715432, upload-time = "2026-06-30T04:56:57.109Z" },
    { url = "https://files.pythonhosted.org/packages/76/c5/2fb8592d691bd114de25d9c84300b23541dca7060eac11d7b4bed0327786/polars_runtime_32-1.42.1-cp310-abi3-win_arm64.whl", hash = "sha256:7051226e6b42ffc395a7a9190377cd28649fbfb991b8f85c6271f4e1cfb736fb", size = 46718300, upload-time = "2026-06-30T04:56:59.855Z" },
]

[[package]]
name = "pyarrow"
version = "24.0.0"
source = { registry = "https://pypi.org/simple" }
sdist = { url = "https://files.pythonhosted.org/packages/91/13/13e1069b351bdc3881266e11147ffccf687505dbb0ea74036237f5d454a5/pyarrow-24.0.0.tar.gz", hash = "sha256:85fe721a14dd823aca09127acbb06c3ca723efbd436c004f16bca601b04dcc83", size = 1180261, upload-time = "2026-04-21T10:51:25.837Z" }
wheels = [
    { url = "https://files.pythonhosted.org/packages/62/c9/a47ab7ece0d86cbe6678418a0fbd1ac4bb493b9184a3891dfa0e7f287ae0/pyarrow-24.0.0-cp311-cp311-macosx_12_0_arm64.whl", hash = "sha256:b0e131f880cda8d04e076cee175a46fc0e8bc8b65c99c6c09dff6669335fde74", size = 35068898, upload-time = "2026-04-21T10:46:36.599Z" },
    { url = "https://files.pythonhosted.org/packages/d1/bc/8db86617a9a58008acf8913d6fed68ea2a46acb6de928db28d724c891a68/pyarrow-24.0.0-cp311-cp311-macosx_12_0_x86_64.whl", hash = "sha256:1b2fe7f9a5566401a0ef2571f197eb92358925c1f0c8dba305d6e43ea0871bb3", size = 36679915, upload-time = "2026-04-21T10:46:42.602Z" },
    { url = "https://files.pythonhosted.org/packages/eb/8e/fb178720400ef69db251eb4a9c3ccf4af269bc1feb5055529b8fc87170d1/pyarrow-24.0.0-cp311-cp311-manylinux_2_28_aarch64.whl", hash = "sha256:0b3537c00fb8d384f15ac1e79b6eb6db04a16514c8c1d22e59a9b95c8ba42868", size = 45697931, upload-time = "2026-04-21T10:46:48.403Z" },
    { url = "https://files.pythonhosted.org/packages/f3/27/99c42abe8e21b44f4917f62631f3aa31404882a2c41d8a4cd5c110e13d52/pyarrow-24.0.0-cp311-cp311-manylinux_2_28_x86_64.whl", hash = "sha256:14e31a3c9e35f1ab6356c6378f6f72830e6d2d5f1791df3774a7b097d18a6a1e", size = 48837449, upload-time = "2026-04-21T10:46:55.329Z" },
    { url = "https://files.pythonhosted.org/packages/36/b6/333749e2666e9032891125bf9c691146e92901bece62030ac1430e2e7c88/pyarrow-24.0.0-cp311-cp311-musllinux_1_2_aarch64.whl", hash = "sha256:b7d9a514e73bc42711e6a35aaccf3587c520024fe0a25d830a1a8a27c15f4f57", size = 49395949, upload-time = "2026-04-21T10:47:01.869Z" },
    { url = "https://files.pythonhosted.org/packages/17/25/c5201706a2dd374e8ba6ee3fd7a8c89fb7ffc16eed5217a91fd2bd7f7626/pyarrow-24.0.0-cp311-cp311-musllinux_1_2_x86_64.whl", hash = "sha256:b196eb3f931862af3fa84c2a253514d859c08e0d8fe020e07be12e75a5a9780c", size = 51912986, upload-time = "2026-04-21T10:47:09.872Z" },
    { url = "https://files.pythonhosted.org/packages/f8/d2/4d1bbba65320b21a49678d6fbdc6ff7c649251359fdcfc03568c4136231d/pyarrow-24.0.0-cp311-cp311-win_amd64.whl", hash = "sha256:35405aecb474e683fb36af650618fd5340ee5471fc65a21b36076a18bbc6c981", size = 27255371, upload-time = "2026-04-21T10:47:15.943Z" },
    { url = "https://files.pythonhosted.org/packages/b4/a9/9686d9f07837f91f775e8932659192e02c74f9d8920524b480b85212cc68/pyarrow-24.0.0-cp312-cp312-macosx_12_0_arm64.whl", hash = "sha256:6233c9ed9ab9d1db47de57d9753256d9dcffbf42db341576099f0fd9f6bf4810", size = 34981559, upload-time = "2026-04-21T10:47:22.17Z" },
    { url = "https://files.pythonhosted.org/packages/80/b6/0ddf0e9b6ead3474ab087ae598c76b031fc45532bf6a63f3a553440fb258/pyarrow-24.0.0-cp312-cp312-macosx_12_0_x86_64.whl", hash = "sha256:f7616236ec1bc2b15bfdec22a71ab38851c86f8f05ff64f379e1278cf20c634a", size = 36663654, upload-time = "2026-04-21T10:47:28.315Z" },
    { url = "https://files.pythonhosted.org/packages/7c/3b/926382efe8ce27ba729071d3566ade6dfb86bdf112f366000196b2f5780a/pyarrow-24.0.0-cp312-cp312-manylinux_2_28_aarch64.whl", hash = "sha256:1617043b99bd33e5318ae18eb2919af09c71322ef1ca46566cdafc6e6712fb66", size = 45679394, upload-time = "2026-04-21T10:47:34.821Z" },
    { url = "https://files.pythonhosted.org/packages/b3/7a/829f7d9dfd37c207206081d6dad474d81dde29952401f07f2ba507814818/pyarrow-24.0.0-cp312-cp312-manylinux_2_28_x86_64.whl", hash = "sha256:6165461f55ef6314f026de6638d661188e3455d3ec49834556a0ebbdbace18bb", size = 48863122, upload-time = "2026-04-21T10:47:42.056Z" },
    { url = "https://files.pythonhosted.org/packages/5f/e8/f88ce625fe8babaae64e8db2d417c7653adb3019b08aae85c5ed787dc816/pyarrow-24.0.0-cp312-cp312-musllinux_1_2_aarch64.whl", hash = "sha256:3b13dedfe76a0ad2d1d859b0811b53827a4e9d93a0bcb05cf59333ab4980cc7e", size = 49376032, upload-time = "2026-04-21T10:47:48.967Z" },
    { url = "https://files.pythonhosted.org/packages/36/7a/82c363caa145fff88fb475da50d3bf52bb024f61917be5424c3392eaf878/pyarrow-24.0.0-cp312-cp312-musllinux_1_2_x86_64.whl", hash = "sha256:25ea65d868eb04015cd18e6df2fbe98f07e5bda2abefabcb88fce39a947716f6", size = 51929490, upload-time = "2026-04-21T10:47:55.981Z" },
    { url = "https://files.pythonhosted.org/packages/66/1c/e3e72c8014ad2743ca64a701652c733cc5cbcee15c0463a32a8c55518d9e/pyarrow-24.0.0-cp312-cp312-win_amd64.whl", hash = "sha256:295f0a7f2e242dabd513737cf076007dc5b2d59237e3eca37b05c0c6446f3826", size = 27355660, upload-time = "2026-04-21T10:48:01.718Z" },
    { url = "https://files.pythonhosted.org/packages/6f/d3/a1abf004482026ddc17f4503db227787fa3cfe41ec5091ff20e4fea55e57/pyarrow-24.0.0-cp313-cp313-macosx_12_0_arm64.whl", hash = "sha256:02b001b3ed4723caa44f6cd1af2d5c86aa2cf9971dacc2ffa55b21237713dfba", size = 34976759, upload-time = "2026-04-21T10:48:07.258Z" },
    { url = "https://files.pythonhosted.org/packages/4f/4a/34f0a36d28a2dd32225301b79daad44e243dc1a2bb77d43b60749be255c4/pyarrow-24.0.0-cp313-cp313-macosx_12_0_x86_64.whl", hash = "sha256:04920d6a71aabd08a0417709efce97d45ea8e6fb733d9ca9ecffb13c67839f68", size = 36658471, upload-time = "2026-04-21T10:48:13.347Z" },
    { url = "https://files.pythonhosted.org/packages/1f/78/543b94712ae8bb1a6023bcc1acf1a740fbff8286747c289cd9468fced2a5/pyarrow-24.0.0-cp313-cp313-manylinux_2_28_aarch64.whl", hash = "sha256:a964266397740257f16f7bb2e4f08a0c81454004beab8ff59dd531b73610e9f2", size = 45675981, upload-time = "2026-04-21T10:48:20.201Z" },
    { url = "https://files.pythonhosted.org/packages/84/9f/8fb7c222b100d314137fa40ec050de56cd8c6d957d1cfff685ce72f15b17/pyarrow-24.0.0-cp313-cp313-manylinux_2_28_x86_64.whl", hash = "sha256:6f066b179d68c413374294bc1735f68475457c933258df594443bb9d88ddc2a0", size = 48859172, upload-time = "2026-04-21T10:48:27.541Z" },
    { url = "https://files.pythonhosted.org/packages/a7/d3/1ea72538e6c8b3b475ed78d1049a2c518e655761ea50fe1171fc855fcab7/pyarrow-24.0.0-cp313-cp313-musllinux_1_2_aarch64.whl", hash = "sha256:1183baeb14c5f587b1ec52831e665718ce632caab84b7cd6b85fd44f96114495", size = 49385733, upload-time = "2026-04-21T10:48:34.7Z" },
    { url = "https://files.pythonhosted.org/packages/c3/be/c3d8b06a1ba35f2260f8e1f771abbee7d5e345c0937aab90675706b1690a/pyarrow-24.0.0-cp313-cp313-musllinux_1_2_x86_64.whl", hash = "sha256:806f24b4085453c197a5078218d1ee08783ebbba271badd153d1ae22a3ee804f", size = 51934335, upload-time = "2026-04-21T10:48:42.099Z" },
    { url = "https://files.pythonhosted.org/packages/9c/62/89e07a1e7329d2cde3e3c6994ba0839a24977a2beda8be6005ea3d860b99/pyarrow-24.0.0-cp313-cp313-win_amd64.whl", hash = "sha256:e4505fc6583f7b05ab854934896bcac8253b04ac1171a77dfb73efef92076d91", size = 27271748, upload-time = "2026-04-21T10:49:42.532Z" },
    { url = "https://files.pythonhosted.org/packages/17/1a/cff3a59f80b5b1658549d46611b67163f65e0664431c076ad728bf9d5af4/pyarrow-24.0.0-cp313-cp313t-macosx_12_0_arm64.whl", hash = "sha256:1a4e45017efbf115032e4475ee876d525e0e36c742214fbe405332480ecd6275", size = 35238554, upload-time = "2026-04-21T10:48:48.526Z" },
    { url = "https://files.pythonhosted.org/packages/a8/99/cce0f42a327bfef2c420fb6078a3eb834826e5d6697bf3009fe11d2ad051/pyarrow-24.0.0-cp313-cp313t-macosx_12_0_x86_64.whl", hash = "sha256:7986f1fa71cee060ad00758bcc79d3a93bab8559bf978fab9e53472a2e25a17b", size = 36782301, upload-time = "2026-04-21T10:48:55.181Z" },
    { url = "https://files.pythonhosted.org/packages/2a/66/8e560d5ff6793ca29aca213c53eec0dd482dd46cb93b2819e5aab52e4252/pyarrow-24.0.0-cp313-cp313t-manylinux_2_28_aarch64.whl", hash = "sha256:d3e0b61e8efb24ed38898e5cdc5fffa9124be480008d401a1f8071500494ae42", size = 45721929, upload-time = "2026-04-21T10:49:03.676Z" },
    { url = "https://files.pythonhosted.org/packages/27/0c/a26e25505d030716e078d9f16eb74973cbf0b33b672884e9f9da1c83b871/pyarrow-24.0.0-cp313-cp313t-manylinux_2_28_x86_64.whl", hash = "sha256:55a3bc1e3df3b5567b7d27ef551b2283f0c68a5e86f1cd56abc569da4f31335b", size = 48825365, upload-time = "2026-04-21T10:49:11.714Z" },
    { url = "https://files.pythonhosted.org/packages/5f/eb/771f9ecb0c65e73fe9dccdd1717901b9594f08c4515d000c7c62df573811/pyarrow-24.0.0-cp313-cp313t-musllinux_1_2_aarch64.whl", hash = "sha256:641f795b361874ac9da5294f8f443dfdbee355cf2bd9e3b8d97aaac2306b9b37", size = 49451819, upload-time = "2026-04-21T10:49:21.474Z" },
    { url = "https://files.pythonhosted.org/packages/48/da/61ae89a88732f5a785646f3ec6125dbb640fa98a540eb2b9889caa561403/pyarrow-24.0.0-cp313-cp313t-musllinux_1_2_x86_64.whl", hash = "sha256:8adc8e6ce5fccf5dc707046ae4914fd537def529709cc0d285d37a7f9cd442ca", size = 51909252, upload-time = "2026-04-21T10:49:31.164Z" },
    { url = "https://files.pythonhosted.org/packages/cb/1a/8dd5cafab7b66573fa91c03d06d213356ad4edd71813aa75e08ce2b3a844/pyarrow-24.0.0-cp313-cp313t-win_amd64.whl", hash = "sha256:9b18371ad2f44044b81a8d23bc2d8a9b6a6226dca775e8e16cfee640473d6c5d", size = 27388127, upload-time = "2026-04-21T10:49:37.334Z" },
    { url = "https://files.pythonhosted.org/packages/ad/80/d022a34ff05d2cbedd8ccf841fc1f532ecfa9eb5ed1711b56d0e0ea71fc9/pyarrow-24.0.0-cp314-cp314-macosx_12_0_arm64.whl", hash = "sha256:1cc9057f0319e26333b357e17f3c2c022f1a83739b48a88b25bfd5fa2dc18838", size = 35007997, upload-time = "2026-04-21T10:49:48.796Z" },
    { url = "https://files.pythonhosted.org/packages/1a/ff/f01485fda6f4e5d441afb8dd5e7681e4db18826c1e271852f5d3957d6a80/pyarrow-24.0.0-cp314-cp314-macosx_12_0_x86_64.whl", hash = "sha256:e6f1278ee4785b6db21229374a1c9e54ec7c549de5d1efc9630b6207de7e170b", size = 36678720, upload-time = "2026-04-21T10:49:55.858Z" },
    { url = "https://files.pythonhosted.org/packages/9e/c2/2d2d5fea814237923f71b36495211f20b43a1576f9a4d6da7e751a64ec6f/pyarrow-24.0.0-cp314-cp314-manylinux_2_28_aarch64.whl", hash = "sha256:adbbedc55506cbdabb830890444fb856bfb0060c46c6f8026c6c2f2cf86ae795", size = 45741852, upload-time = "2026-04-21T10:50:04.624Z" },
    { url = "https://files.pythonhosted.org/packages/8e/3a/28ba9c1c1ebdbb5f1b94dfebb46f207e52e6a554b7fe4132540fde29a3a0/pyarrow-24.0.0-cp314-cp314-manylinux_2_28_x86_64.whl", hash = "sha256:ae8a1145af31d903fa9bb166824d7abe9b4681a000b0159c9fb99c11bc11ad26", size = 48889852, upload-time = "2026-04-21T10:50:12.293Z" },
    { url = "https://files.pythonhosted.org/packages/df/51/4a389acfd31dca009f8fb82d7f510bb4130f2b3a8e18cf00194d0687d8ac/pyarrow-24.0.0-cp314-cp314-musllinux_1_2_aarch64.whl", hash = "sha256:d7027eba1df3b2069e2e8d80f644fa0918b68c46432af3d088ddd390d063ecde", size = 49445207, upload-time = "2026-04-21T10:50:20.677Z" },
    { url = "https://files.pythonhosted.org/packages/19/4b/0bab2b23d2ae901b1b9a03c0efd4b2d070256f8ce3fc43f6e58c167b2081/pyarrow-24.0.0-cp314-cp314-musllinux_1_2_x86_64.whl", hash = "sha256:e56a1ffe9bf7b727432b89104cc0849c21582949dd7bdcb34f17b2001a351a76", size = 51954117, upload-time = "2026-04-21T10:50:29.14Z" },
    { url = "https://files.pythonhosted.org/packages/29/88/f4e9145da0417b3d2c12035a8492b35ff4a3dbc653e614fcfb51d9dedb38/pyarrow-24.0.0-cp314-cp314-win_amd64.whl", hash = "sha256:38be1808cdd068605b787e6ca9119b27eb275a0234e50212c3492331680c3b1e", size = 28001155, upload-time = "2026-04-21T10:51:22.337Z" },
    { url = "https://files.pythonhosted.org/packages/79/4f/46a49a63f43526da895b1a45bbb51d5baf8e4d77159f8528fc3e5490007f/pyarrow-24.0.0-cp314-cp314t-macosx_12_0_arm64.whl", hash = "sha256:418e48ce50a45a6a6c73c454677203a9c75c966cb1e92ca3370959185f197a05", size = 35250387, upload-time = "2026-04-21T10:50:35.552Z" },
    { url = "https://files.pythonhosted.org/packages/a0/da/d5e0cd5ef00796922404806d5f00325cdadc3441ce2c13fe7115f2df9a64/pyarrow-24.0.0-cp314-cp314t-macosx_12_0_x86_64.whl", hash = "sha256:2f16197705a230a78270cdd4ea8a1d57e86b2fdcbc34a1f6aebc72e65c986f9a", size = 36797102, upload-time = "2026-04-21T10:50:42.417Z" },
    { url = "https://files.pythonhosted.org/packages/34/c7/5904145b0a593a05236c882933d439b5720f0a145381179063722fbfc123/pyarrow-24.0.0-cp314-cp314t-manylinux_2_28_aarch64.whl", hash = "sha256:fb24ac194bfc5e86839d7dcd52092ee31e5fe6733fe11f5e3b06ef0812b20072", size = 45745118, upload-time = "2026-04-21T10:50:49.324Z" },
    { url = "https://files.pythonhosted.org/packages/13/d3/cca42fe166d1c6e4d5b80e530b7949104d10e17508a90ae202dac205ce2a/pyarrow-24.0.0-cp314-cp314t-manylinux_2_28_x86_64.whl", hash = "sha256:9700ebd9a51f5895ce75ff4ac4b3c47a7d4b42bc618be8e713e5d56bacf5f931", size = 48844765, upload-time = "2026-04-21T10:50:55.579Z" },
    { url = "https://files.pythonhosted.org/packages/b0/49/942c3b79878ba928324d1e17c274ed84581db8c0a749b24bcf4cbdf15bd3/pyarrow-24.0.0-cp314-cp314t-musllinux_1_2_aarch64.whl", hash = "sha256:d8ddd2768da81d3ee08cfea9b597f4abb4e8e1dc8ae7e204b608d23a0d3ab699", size = 49471890, upload-time = "2026-04-21T10:51:02.439Z" },
    { url = "https://files.pythonhosted.org/packages/76/97/ff71431000a75d84135a1ace5ca4ba11726a231a8007bbb320a4c54075d5/pyarrow-24.0.0-cp314-cp314t-musllinux_1_2_x86_64.whl", hash = "sha256:61a3d7eaa97a14768b542f3d284dc6400dd2470d9f080708b13cd46b6ae18136", size = 51932250, upload-time = "2026-04-21T10:51:10.576Z" },
    { url = "https://files.pythonhosted.org/packages/51/be/6f79d55816d5c22557cf27533543d5d70dfe692adfbee4b99f2760674f38/pyarrow-24.0.0-cp314-cp314t-win_amd64.whl", hash = "sha256:c91d00057f23b8d353039520dc3a6c09d8608164c692e9f59a175a42b2ae0c19", size = 28131282, upload-time = "2026-04-21T10:51:16.815Z" },
]

[[package]]
name = "pygments"
version = "2.20.0"
source = { registry = "https://pypi.org/simple" }
sdist = { url = "https://files.pythonhosted.org/packages/c3/b2/bc9c9196916376152d655522fdcebac55e66de6603a76a02bca1b6414f6c/pygments-2.20.0.tar.gz", hash = "sha256:6757cd03768053ff99f3039c1a36d6c0aa0b263438fcab17520b30a303a82b5f", size = 4955991, upload-time = "2026-03-29T13:29:33.898Z" }
wheels = [
    { url = "https://files.pythonhosted.org/packages/f4/7e/a72dd26f3b0f4f2bf1dd8923c85f7ceb43172af56d63c7383eb62b332364/pygments-2.20.0-py3-none-any.whl", hash = "sha256:81a9e26dd42fd28a23a2d169d86d7ac03b46e2f8b59ed4698fb4785f946d0176", size = 1231151, upload-time = "2026-03-29T13:29:30.038Z" },
]

[[package]]
name = "pytest"
version = "9.1.1"
source = { registry = "https://pypi.org/simple" }
dependencies = [
    { name = "colorama", marker = "sys_platform == 'win32'" },
    { name = "iniconfig" },
    { name = "packaging" },
    { name = "pluggy" },
    { name = "pygments" },
]
sdist = { url = "https://files.pythonhosted.org/packages/e4/47/b9efed96c114afcfa3c9d3fe98a76a1d14c74a9e266d397cf6eb64be5e01/pytest-9.1.1.tar.gz", hash = "sha256:1088fbde8f2b49d95a549a195707afa7a76a3ce9bcadc26b6d71f0ffda5fe313", size = 1636369, upload-time = "2026-06-19T10:58:32.857Z" }
wheels = [
    { url = "https://files.pythonhosted.org/packages/24/25/1de2678b631f5a49215c6c96fff41ba892b0a34df68d6d80292b1b48aa7f/pytest-9.1.1-py3-none-any.whl", hash = "sha256:37a86b45efb9a47a61a36449063e8e18d0cab3161329fc099eb21783169c4f0c", size = 386536, upload-time = "2026-06-19T10:58:31.347Z" },
]

[[package]]
name = "sortedcontainers"
version = "2.4.0"
source = { registry = "https://pypi.org/simple" }
sdist = { url = "https://files.pythonhosted.org/packages/e8/c4/ba2f8066cceb6f23394729afe52f3bf7adec04bf9ed2c820b39e19299111/sortedcontainers-2.4.0.tar.gz", hash = "sha256:25caa5a06cc30b6b83d11423433f65d1f9d76c4c6a0c90e3379eaa43b9bfdb88", size = 30594, upload-time = "2021-05-16T22:03:42.897Z" }
wheels = [
    { url = "https://files.pythonhosted.org/packages/32/46/9cb0e58b2deb7f82b84065f37f3bffeb12413f947f9388e4cac22c4621ce/sortedcontainers-2.4.0-py2.py3-none-any.whl", hash = "sha256:a163dcaede0f1c021485e957a39245190e74249897e2ae4b2aa38595db237ee0", size = 29575, upload-time = "2021-05-16T22:03:41.177Z" },
]

[[package]]
name = "tzdata"
version = "2026.2"
source = { registry = "https://pypi.org/simple" }
sdist = { url = "https://files.pythonhosted.org/packages/ba/19/1b9b0e29f30c6d35cb345486df41110984ea67ae69dddbc0e8a100999493/tzdata-2026.2.tar.gz", hash = "sha256:9173fde7d80d9018e02a662e168e5a2d04f87c41ea174b139fbef642eda62d10", size = 198254, upload-time = "2026-04-24T15:22:08.651Z" }
wheels = [
    { url = "https://files.pythonhosted.org/packages/ce/e4/dccd7f47c4b64213ac01ef921a1337ee6e30e8c6466046018326977efd95/tzdata-2026.2-py2.py3-none-any.whl", hash = "sha256:bbe9af844f658da81a5f95019480da3a89415801f6cc966806612cc7169bffe7", size = 349321, upload-time = "2026-04-24T15:22:05.876Z" },
]
